
Microsoft Visual Studio Solution File, Format Version 12.00
# Visual Studio 15
VisualStudioVersion = 15.0.27004.2008
MinimumVisualStudioVersion = 10.0.40219.1
Project("{FAE04EC0-301F-11D3-BF4B-00C04F79EFBC}") = "FootApp", "FootApp\FootApp.csproj", "{50F93AB3-1C96-41D6-87F2-229C5A688BE9}"
EndProject
Global
	GlobalSection(SolutionConfigurationPlatforms) = preSolution
		Debug|Any CPU = Debug|Any CPU
		Release|Any CPU = Release|Any CPU
	EndGlobalSection
	GlobalSection(ProjectConfigurationPlatforms) = postSolution
		{50F93AB3-1C96-41D6-87F2-229C5A688BE9}.Debug|Any CPU.ActiveCfg = Debug|Any CPU
		{50F93AB3-1C96-41D6-87F2-229C5A688BE9}.Debug|Any CPU.Build.0 = Debug|Any CPU
		{50F93AB3-1C96-41D6-87F2-229C5A688BE9}.Release|Any CPU.ActiveCfg = Release|Any CPU
		{50F93AB3-1C96-41D6-87F2-229C5A688BE9}.Release|Any CPU.Build.0 = Release|Any CPU
	EndGlobalSection
	GlobalSection(SolutionProperties) = preSolution
		HideSolutionNode = FALSE
	EndGlobalSection
	GlobalSection(ExtensibilityGlobals) = postSolution
		SolutionGuid = {9E42882A-793D-451D-A87C-0B727FD32FCE}
	EndGlobalSection
EndGlobal
